// !$*UTF8*$!
{
	archiveVersion = 1;
	classes = {
	};
	objectVersion = 51;
	objects = {

/* Begin PBXBuildFile section */
		4CD472E08DB079126FBD993A /* Pods_Development.framework in Frameworks */ = {isa = PBXBuildFile; fileRef = CE85DEB86F1FEE1B58EE2DC7 /* Pods_Development.framework */; };
		A1736E0E6D46245D9F51B69B /* Pods_Production.framework in Frameworks */ = {isa = PBXBuildFile; fileRef = 0B981FC450D6090E967B19FE /* Pods_Production.framework */; };
		BAD00A162401E3E20064D322 /* AppDelegate.swift in Sources */ = {isa = PBXBuildFile; fileRef = BAD00A152401E3E20064D322 /* AppDelegate.swift */; };
		BAD00A182401E3E20064D322 /* SceneDelegate.swift in Sources */ = {isa = PBXBuildFile; fileRef = BAD00A172401E3E20064D322 /* SceneDelegate.swift */; };
		BAD00A1A2401E3E20064D322 /* ContentView.swift in Sources */ = {isa = PBXBuildFile; fileRef = BAD00A192401E3E20064D322 /* ContentView.swift */; };
		BAD00A1C2401E3E30064D322 /* Assets.xcassets in Resources */ = {isa = PBXBuildFile; fileRef = BAD00A1B2401E3E30064D322 /* Assets.xcassets */; };
		BAD00A1F2401E3E30064D322 /* Preview Assets.xcassets in Resources */ = {isa = PBXBuildFile; fileRef = BAD00A1E2401E3E30064D322 /* Preview Assets.xcassets */; };
		BAD00A222401E3E40064D322 /* LaunchScreen.storyboard in Resources */ = {isa = PBXBuildFile; fileRef = BAD00A202401E3E40064D322 /* LaunchScreen.storyboard */; };
		BAD00A672401EE020064D322 /* AppDelegate.swift in Sources */ = {isa = PBXBuildFile; fileRef = BAD00A152401E3E20064D322 /* AppDelegate.swift */; };
		BAD00A682401EE020064D322 /* SceneDelegate.swift in Sources */ = {isa = PBXBuildFile; fileRef = BAD00A172401E3E20064D322 /* SceneDelegate.swift */; };
		BAD00A692401EE020064D322 /* ContentView.swift in Sources */ = {isa = PBXBuildFile; fileRef = BAD00A192401E3E20064D322 /* ContentView.swift */; };
		BAD00A6D2401EE020064D322 /* LaunchScreen.storyboard in Resources */ = {isa = PBXBuildFile; fileRef = BAD00A202401E3E40064D322 /* LaunchScreen.storyboard */; };
		BAD00A6F2401EE020064D322 /* Preview Assets.xcassets in Resources */ = {isa = PBXBuildFile; fileRef = BAD00A1E2401E3E30064D322 /* Preview Assets.xcassets */; };
		BAD00A702401EE020064D322 /* Assets.xcassets in Resources */ = {isa = PBXBuildFile; fileRef = BAD00A1B2401E3E30064D322 /* Assets.xcassets */; };
		BAFC942D2401F5B400B5ACB7 /* GoogleService-Info.plist in Resources */ = {isa = PBXBuildFile; fileRef = BAD00A2B2401EB1B0064D322 /* GoogleService-Info.plist */; };
		BAFC94302401F63C00B5ACB7 /* GoogleService-Info.plist in Resources */ = {isa = PBXBuildFile; fileRef = BAFC942F2401F63C00B5ACB7 /* GoogleService-Info.plist */; };
		BAFC94382401FFDF00B5ACB7 /* NotificationService.swift in Sources */ = {isa = PBXBuildFile; fileRef = BAFC94372401FFDF00B5ACB7 /* NotificationService.swift */; };
		BAFC943C2401FFDF00B5ACB7 /* OneSignalNotificationServiceExtension.appex in Embed App Extensions */ = {isa = PBXBuildFile; fileRef = BAFC94352401FFDF00B5ACB7 /* OneSignalNotificationServiceExtension.appex */; settings = {ATTRIBUTES = (RemoveHeadersOnCopy, ); }; };
		F91DE09E5E3B9C789EA6211D /* Pods_OneSignalNotificationServiceExtension.framework in Frameworks */ = {isa = PBXBuildFile; fileRef = ABBE32EF03D4388040F73217 /* Pods_OneSignalNotificationServiceExtension.framework */; };
/* End PBXBuildFile section */

/* Begin PBXContainerItemProxy section */
		BAFC943A2401FFDF00B5ACB7 /* PBXContainerItemProxy */ = {
			isa = PBXContainerItemProxy;
			containerPortal = BAD00A0A2401E3E20064D322 /* Project object */;
			proxyType = 1;
			remoteGlobalIDString = BAFC94342401FFDF00B5ACB7;
			remoteInfo = OneSignalNotificationServiceExtension;
		};
/* End PBXContainerItemProxy section */

/* Begin PBXCopyFilesBuildPhase section */
		BAFC94402401FFDF00B5ACB7 /* Embed App Extensions */ = {
			isa = PBXCopyFilesBuildPhase;
			buildActionMask = 2147483647;
			dstPath = "";
			dstSubfolderSpec = 13;
			files = (
				BAFC943C2401FFDF00B5ACB7 /* OneSignalNotificationServiceExtension.appex in Embed App Extensions */,
			);
			name = "Embed App Extensions";
			runOnlyForDeploymentPostprocessing = 0;
		};
/* End PBXCopyFilesBuildPhase section */

/* Begin PBXFileReference section */
		09822502B8AC3692F8D4ED80 /* Pods-Development.release.xcconfig */ = {isa = PBXFileReference; includeInIndex = 1; lastKnownFileType = text.xcconfig; name = "Pods-Development.release.xcconfig"; path = "Target Support Files/Pods-Development/Pods-Development.release.xcconfig"; sourceTree = "<group>"; };
		0B981FC450D6090E967B19FE /* Pods_Production.framework */ = {isa = PBXFileReference; explicitFileType = wrapper.framework; includeInIndex = 0; path = Pods_Production.framework; sourceTree = BUILT_PRODUCTS_DIR; };
		13F7F420B92124F9247A7C31 /* Pods-Development.debug.xcconfig */ = {isa = PBXFileReference; includeInIndex = 1; lastKnownFileType = text.xcconfig; name = "Pods-Development.debug.xcconfig"; path = "Target Support Files/Pods-Development/Pods-Development.debug.xcconfig"; sourceTree = "<group>"; };
		1D52276C89E3BD28590635CD /* Pods-Staging.release.xcconfig */ = {isa = PBXFileReference; includeInIndex = 1; lastKnownFileType = text.xcconfig; name = "Pods-Staging.release.xcconfig"; path = "Target Support Files/Pods-Staging/Pods-Staging.release.xcconfig"; sourceTree = "<group>"; };
		304FFD6290CA7CC20B77AF98 /* Pods-OneSignalNotificationServiceExtension.debug.xcconfig */ = {isa = PBXFileReference; includeInIndex = 1; lastKnownFileType = text.xcconfig; name = "Pods-OneSignalNotificationServiceExtension.debug.xcconfig"; path = "Target Support Files/Pods-OneSignalNotificationServiceExtension/Pods-OneSignalNotificationServiceExtension.debug.xcconfig"; sourceTree = "<group>"; };
		3EE3B9B03F772B05572DB064 /* Pods_Staging.framework */ = {isa = PBXFileReference; explicitFileType = wrapper.framework; includeInIndex = 0; path = Pods_Staging.framework; sourceTree = BUILT_PRODUCTS_DIR; };
		400D59D787249A96E88C12F4 /* Pods-Staging.debug.xcconfig */ = {isa = PBXFileReference; includeInIndex = 1; lastKnownFileType = text.xcconfig; name = "Pods-Staging.debug.xcconfig"; path = "Target Support Files/Pods-Staging/Pods-Staging.debug.xcconfig"; sourceTree = "<group>"; };
		52E72783F633A4D1F982D062 /* Pods-Production.release.xcconfig */ = {isa = PBXFileReference; includeInIndex = 1; lastKnownFileType = text.xcconfig; name = "Pods-Production.release.xcconfig"; path = "Target Support Files/Pods-Production/Pods-Production.release.xcconfig"; sourceTree = "<group>"; };
		94FB3E6D364E2BF07C512A72 /* Pods-OneSignalNotificationServiceExtension.release.xcconfig */ = {isa = PBXFileReference; includeInIndex = 1; lastKnownFileType = text.xcconfig; name = "Pods-OneSignalNotificationServiceExtension.release.xcconfig"; path = "Target Support Files/Pods-OneSignalNotificationServiceExtension/Pods-OneSignalNotificationServiceExtension.release.xcconfig"; sourceTree = "<group>"; };
		ABBE32EF03D4388040F73217 /* Pods_OneSignalNotificationServiceExtension.framework */ = {isa = PBXFileReference; explicitFileType = wrapper.framework; includeInIndex = 0; path = Pods_OneSignalNotificationServiceExtension.framework; sourceTree = BUILT_PRODUCTS_DIR; };
		BAD00A122401E3E20064D322 /* Stocket.app */ = {isa = PBXFileReference; explicitFileType = wrapper.application; includeInIndex = 0; path = Stocket.app; sourceTree = BUILT_PRODUCTS_DIR; };
		BAD00A152401E3E20064D322 /* AppDelegate.swift */ = {isa = PBXFileReference; lastKnownFileType = sourcecode.swift; path = AppDelegate.swift; sourceTree = "<group>"; };
		BAD00A172401E3E20064D322 /* SceneDelegate.swift */ = {isa = PBXFileReference; lastKnownFileType = sourcecode.swift; path = SceneDelegate.swift; sourceTree = "<group>"; };
		BAD00A192401E3E20064D322 /* ContentView.swift */ = {isa = PBXFileReference; lastKnownFileType = sourcecode.swift; path = ContentView.swift; sourceTree = "<group>"; };
		BAD00A1B2401E3E30064D322 /* Assets.xcassets */ = {isa = PBXFileReference; lastKnownFileType = folder.assetcatalog; path = Assets.xcassets; sourceTree = "<group>"; };
		BAD00A1E2401E3E30064D322 /* Preview Assets.xcassets */ = {isa = PBXFileReference; lastKnownFileType = folder.assetcatalog; path = "Preview Assets.xcassets"; sourceTree = "<group>"; };
		BAD00A212401E3E40064D322 /* Base */ = {isa = PBXFileReference; lastKnownFileType = file.storyboard; name = Base; path = Base.lproj/LaunchScreen.storyboard; sourceTree = "<group>"; };
		BAD00A232401E3E40064D322 /* Info.plist */ = {isa = PBXFileReference; lastKnownFileType = text.plist.xml; path = Info.plist; sourceTree = "<group>"; };
		BAD00A2B2401EB1B0064D322 /* GoogleService-Info.plist */ = {isa = PBXFileReference; fileEncoding = 4; lastKnownFileType = text.plist.xml; path = "GoogleService-Info.plist"; sourceTree = "<group>"; };
		BAD00A512401EC1C0064D322 /* Stocket.entitlements */ = {isa = PBXFileReference; lastKnownFileType = text.plist.entitlements; path = Stocket.entitlements; sourceTree = "<group>"; };
		BAD00A742401EE020064D322 /* StocketiOS Dev.app */ = {isa = PBXFileReference; explicitFileType = wrapper.application; includeInIndex = 0; path = "StocketiOS Dev.app"; sourceTree = BUILT_PRODUCTS_DIR; };
		BAFC942F2401F63C00B5ACB7 /* GoogleService-Info.plist */ = {isa = PBXFileReference; fileEncoding = 4; lastKnownFileType = text.plist.xml; path = "GoogleService-Info.plist"; sourceTree = "<group>"; };
		BAFC94352401FFDF00B5ACB7 /* OneSignalNotificationServiceExtension.appex */ = {isa = PBXFileReference; explicitFileType = "wrapper.app-extension"; includeInIndex = 0; path = OneSignalNotificationServiceExtension.appex; sourceTree = BUILT_PRODUCTS_DIR; };
		BAFC94372401FFDF00B5ACB7 /* NotificationService.swift */ = {isa = PBXFileReference; lastKnownFileType = sourcecode.swift; path = NotificationService.swift; sourceTree = "<group>"; };
		BAFC94392401FFDF00B5ACB7 /* Info.plist */ = {isa = PBXFileReference; lastKnownFileType = text.plist.xml; path = Info.plist; sourceTree = "<group>"; };
		BF65072E7C3EC2874CF975B3 /* Pods-Production.debug.xcconfig */ = {isa = PBXFileReference; includeInIndex = 1; lastKnownFileType = text.xcconfig; name = "Pods-Production.debug.xcconfig"; path = "Target Support Files/Pods-Production/Pods-Production.debug.xcconfig"; sourceTree = "<group>"; };
		CE85DEB86F1FEE1B58EE2DC7 /* Pods_Development.framework */ = {isa = PBXFileReference; explicitFileType = wrapper.framework; includeInIndex = 0; path = Pods_Development.framework; sourceTree = BUILT_PRODUCTS_DIR; };
/* End PBXFileReference section */

/* Begin PBXFrameworksBuildPhase section */
		BAD00A0F2401E3E20064D322 /* Frameworks */ = {
			isa = PBXFrameworksBuildPhase;
			buildActionMask = 2147483647;
			files = (
				A1736E0E6D46245D9F51B69B /* Pods_Production.framework in Frameworks */,
			);
			runOnlyForDeploymentPostprocessing = 0;
		};
		BAD00A6A2401EE020064D322 /* Frameworks */ = {
			isa = PBXFrameworksBuildPhase;
			buildActionMask = 2147483647;
			files = (
				4CD472E08DB079126FBD993A /* Pods_Development.framework in Frameworks */,
			);
			runOnlyForDeploymentPostprocessing = 0;
		};
		BAFC94322401FFDF00B5ACB7 /* Frameworks */ = {
			isa = PBXFrameworksBuildPhase;
			buildActionMask = 2147483647;
			files = (
				F91DE09E5E3B9C789EA6211D /* Pods_OneSignalNotificationServiceExtension.framework in Frameworks */,
			);
			runOnlyForDeploymentPostprocessing = 0;
		};
/* End PBXFrameworksBuildPhase section */

/* Begin PBXGroup section */
		5F79222E8AEE5698EA6DFBAF /* Pods */ = {
			isa = PBXGroup;
			children = (
				13F7F420B92124F9247A7C31 /* Pods-Development.debug.xcconfig */,
				09822502B8AC3692F8D4ED80 /* Pods-Development.release.xcconfig */,
				BF65072E7C3EC2874CF975B3 /* Pods-Production.debug.xcconfig */,
				52E72783F633A4D1F982D062 /* Pods-Production.release.xcconfig */,
				400D59D787249A96E88C12F4 /* Pods-Staging.debug.xcconfig */,
				1D52276C89E3BD28590635CD /* Pods-Staging.release.xcconfig */,
				304FFD6290CA7CC20B77AF98 /* Pods-OneSignalNotificationServiceExtension.debug.xcconfig */,
				94FB3E6D364E2BF07C512A72 /* Pods-OneSignalNotificationServiceExtension.release.xcconfig */,
			);
			path = Pods;
			sourceTree = "<group>";
		};
		A7D7E9CE8361C34D39554301 /* Frameworks */ = {
			isa = PBXGroup;
			children = (
				CE85DEB86F1FEE1B58EE2DC7 /* Pods_Development.framework */,
				0B981FC450D6090E967B19FE /* Pods_Production.framework */,
				3EE3B9B03F772B05572DB064 /* Pods_Staging.framework */,
				ABBE32EF03D4388040F73217 /* Pods_OneSignalNotificationServiceExtension.framework */,
			);
			name = Frameworks;
			sourceTree = "<group>";
		};
		BAD00A092401E3E20064D322 = {
			isa = PBXGroup;
			children = (
				BAD00A142401E3E20064D322 /* StocketiOS */,
				BAFC94362401FFDF00B5ACB7 /* OneSignalNotificationServiceExtension */,
				BAD00A132401E3E20064D322 /* Products */,
				5F79222E8AEE5698EA6DFBAF /* Pods */,
				A7D7E9CE8361C34D39554301 /* Frameworks */,
			);
			sourceTree = "<group>";
		};
		BAD00A132401E3E20064D322 /* Products */ = {
			isa = PBXGroup;
			children = (
				BAD00A122401E3E20064D322 /* Stocket.app */,
				BAD00A742401EE020064D322 /* StocketiOS Dev.app */,
				BAFC94352401FFDF00B5ACB7 /* OneSignalNotificationServiceExtension.appex */,
			);
			name = Products;
			sourceTree = "<group>";
		};
		BAD00A142401E3E20064D322 /* StocketiOS */ = {
			isa = PBXGroup;
			children = (
				BAD00A512401EC1C0064D322 /* Stocket.entitlements */,
				BAD00A292401EAF50064D322 /* Firebase */,
				BAD00A152401E3E20064D322 /* AppDelegate.swift */,
				BAD00A172401E3E20064D322 /* SceneDelegate.swift */,
				BAD00A192401E3E20064D322 /* ContentView.swift */,
				BAD00A1B2401E3E30064D322 /* Assets.xcassets */,
				BAD00A202401E3E40064D322 /* LaunchScreen.storyboard */,
				BAD00A232401E3E40064D322 /* Info.plist */,
				BAD00A1D2401E3E30064D322 /* Preview Content */,
			);
			path = StocketiOS;
			sourceTree = "<group>";
		};
		BAD00A1D2401E3E30064D322 /* Preview Content */ = {
			isa = PBXGroup;
			children = (
				BAD00A1E2401E3E30064D322 /* Preview Assets.xcassets */,
			);
			path = "Preview Content";
			sourceTree = "<group>";
		};
		BAD00A292401EAF50064D322 /* Firebase */ = {
			isa = PBXGroup;
			children = (
				BAFC942E2401F62A00B5ACB7 /* Prod */,
				BAD00A2A2401EB000064D322 /* Dev */,
			);
			path = Firebase;
			sourceTree = "<group>";
		};
		BAD00A2A2401EB000064D322 /* Dev */ = {
			isa = PBXGroup;
			children = (
				BAD00A2B2401EB1B0064D322 /* GoogleService-Info.plist */,
			);
			path = Dev;
			sourceTree = "<group>";
		};
		BAFC942E2401F62A00B5ACB7 /* Prod */ = {
			isa = PBXGroup;
			children = (
				BAFC942F2401F63C00B5ACB7 /* GoogleService-Info.plist */,
			);
			path = Prod;
			sourceTree = "<group>";
		};
		BAFC94362401FFDF00B5ACB7 /* OneSignalNotificationServiceExtension */ = {
			isa = PBXGroup;
			children = (
				BAFC94372401FFDF00B5ACB7 /* NotificationService.swift */,
				BAFC94392401FFDF00B5ACB7 /* Info.plist */,
			);
			path = OneSignalNotificationServiceExtension;
			sourceTree = "<group>";
		};
/* End PBXGroup section */

/* Begin PBXNativeTarget section */
		BAD00A112401E3E20064D322 /* Production */ = {
			isa = PBXNativeTarget;
			buildConfigurationList = BAD00A262401E3E40064D322 /* Build configuration list for PBXNativeTarget "Production" */;
			buildPhases = (
				0298EA0CD32CFBBDECA9297F /* [CP] Check Pods Manifest.lock */,
				BAD00A0E2401E3E20064D322 /* Sources */,
				BAD00A0F2401E3E20064D322 /* Frameworks */,
				BAD00A102401E3E20064D322 /* Resources */,
				19A43C67041BEF5119DAE92D /* [CP] Embed Pods Frameworks */,
				BAFC94402401FFDF00B5ACB7 /* Embed App Extensions */,
			);
			buildRules = (
			);
			dependencies = (
				BAFC943B2401FFDF00B5ACB7 /* PBXTargetDependency */,
			);
			name = Production;
			productName = StocketiOS;
			productReference = BAD00A122401E3E20064D322 /* Stocket.app */;
			productType = "com.apple.product-type.application";
		};
		BAD00A642401EE020064D322 /* Development */ = {
			isa = PBXNativeTarget;
			buildConfigurationList = BAD00A712401EE020064D322 /* Build configuration list for PBXNativeTarget "Development" */;
			buildPhases = (
				F96EFDD39BAEE78B635A63DA /* [CP] Check Pods Manifest.lock */,
				BAD00A662401EE020064D322 /* Sources */,
				BAD00A6A2401EE020064D322 /* Frameworks */,
				BAD00A6C2401EE020064D322 /* Resources */,
				4D5CD0E81FC8AE35D8BCC402 /* [CP] Embed Pods Frameworks */,
			);
			buildRules = (
			);
			dependencies = (
			);
			name = Development;
			productName = StocketiOS;
			productReference = BAD00A742401EE020064D322 /* StocketiOS Dev.app */;
			productType = "com.apple.product-type.application";
		};
		BAFC94342401FFDF00B5ACB7 /* OneSignalNotificationServiceExtension */ = {
			isa = PBXNativeTarget;
			buildConfigurationList = BAFC943D2401FFDF00B5ACB7 /* Build configuration list for PBXNativeTarget "OneSignalNotificationServiceExtension" */;
			buildPhases = (
				234F1A21304017720C2D7BBE /* [CP] Check Pods Manifest.lock */,
				BAFC94312401FFDF00B5ACB7 /* Sources */,
				BAFC94322401FFDF00B5ACB7 /* Frameworks */,
				BAFC94332401FFDF00B5ACB7 /* Resources */,
			);
			buildRules = (
			);
			dependencies = (
			);
			name = OneSignalNotificationServiceExtension;
			productName = OneSignalNotificationServiceExtension;
			productReference = BAFC94352401FFDF00B5ACB7 /* OneSignalNotificationServiceExtension.appex */;
			productType = "com.apple.product-type.app-extension";
		};
/* End PBXNativeTarget section */

/* Begin PBXProject section */
		BAD00A0A2401E3E20064D322 /* Project object */ = {
			isa = PBXProject;
			attributes = {
				LastSwiftUpdateCheck = 1130;
				LastUpgradeCheck = 1130;
				ORGANIZATIONNAME = "Henry Paulino";
				TargetAttributes = {
					BAD00A112401E3E20064D322 = {
						CreatedOnToolsVersion = 11.3.1;
					};
					BAFC94342401FFDF00B5ACB7 = {
						CreatedOnToolsVersion = 11.3.1;
					};
				};
			};
			buildConfigurationList = BAD00A0D2401E3E20064D322 /* Build configuration list for PBXProject "StocketiOS" */;
			compatibilityVersion = "Xcode 9.3";
			developmentRegion = en;
			hasScannedForEncodings = 0;
			knownRegions = (
				en,
				Base,
			);
			mainGroup = BAD00A092401E3E20064D322;
			productRefGroup = BAD00A132401E3E20064D322 /* Products */;
			projectDirPath = "";
			projectRoot = "";
			targets = (
				BAD00A112401E3E20064D322 /* Production */,
				BAD00A642401EE020064D322 /* Development */,
				BAFC94342401FFDF00B5ACB7 /* OneSignalNotificationServiceExtension */,
			);
		};
/* End PBXProject section */

/* Begin PBXResourcesBuildPhase section */
		BAD00A102401E3E20064D322 /* Resources */ = {
			isa = PBXResourcesBuildPhase;
			buildActionMask = 2147483647;
			files = (
				BAD00A222401E3E40064D322 /* LaunchScreen.storyboard in Resources */,
				BAFC94302401F63C00B5ACB7 /* GoogleService-Info.plist in Resources */,
				BAD00A1F2401E3E30064D322 /* Preview Assets.xcassets in Resources */,
				BAD00A1C2401E3E30064D322 /* Assets.xcassets in Resources */,
			);
			runOnlyForDeploymentPostprocessing = 0;
		};
		BAD00A6C2401EE020064D322 /* Resources */ = {
			isa = PBXResourcesBuildPhase;
			buildActionMask = 2147483647;
			files = (
				BAD00A6D2401EE020064D322 /* LaunchScreen.storyboard in Resources */,
				BAFC942D2401F5B400B5ACB7 /* GoogleService-Info.plist in Resources */,
				BAD00A6F2401EE020064D322 /* Preview Assets.xcassets in Resources */,
				BAD00A702401EE020064D322 /* Assets.xcassets in Resources */,
			);
			runOnlyForDeploymentPostprocessing = 0;
		};
		BAFC94332401FFDF00B5ACB7 /* Resources */ = {
			isa = PBXResourcesBuildPhase;
			buildActionMask = 2147483647;
			files = (
			);
			runOnlyForDeploymentPostprocessing = 0;
		};
/* End PBXResourcesBuildPhase section */

/* Begin PBXShellScriptBuildPhase section */
		0298EA0CD32CFBBDECA9297F /* [CP] Check Pods Manifest.lock */ = {
			isa = PBXShellScriptBuildPhase;
			buildActionMask = 2147483647;
			files = (
			);
			inputFileListPaths = (
			);
			inputPaths = (
				"${PODS_PODFILE_DIR_PATH}/Podfile.lock",
				"${PODS_ROOT}/Manifest.lock",
			);
			name = "[CP] Check Pods Manifest.lock";
			outputFileListPaths = (
			);
			outputPaths = (
				"$(DERIVED_FILE_DIR)/Pods-Production-checkManifestLockResult.txt",
			);
			runOnlyForDeploymentPostprocessing = 0;
			shellPath = /bin/sh;
			shellScript = "diff \"${PODS_PODFILE_DIR_PATH}/Podfile.lock\" \"${PODS_ROOT}/Manifest.lock\" > /dev/null\nif [ $? != 0 ] ; then\n    # print error to STDERR\n    echo \"error: The sandbox is not in sync with the Podfile.lock. Run 'pod install' or update your CocoaPods installation.\" >&2\n    exit 1\nfi\n# This output is used by Xcode 'outputs' to avoid re-running this script phase.\necho \"SUCCESS\" > \"${SCRIPT_OUTPUT_FILE_0}\"\n";
			showEnvVarsInLog = 0;
		};
		19A43C67041BEF5119DAE92D /* [CP] Embed Pods Frameworks */ = {
			isa = PBXShellScriptBuildPhase;
			buildActionMask = 2147483647;
			files = (
			);
			inputFileListPaths = (
				"${PODS_ROOT}/Target Support Files/Pods-Production/Pods-Production-frameworks-${CONFIGURATION}-input-files.xcfilelist",
			);
			name = "[CP] Embed Pods Frameworks";
			outputFileListPaths = (
				"${PODS_ROOT}/Target Support Files/Pods-Production/Pods-Production-frameworks-${CONFIGURATION}-output-files.xcfilelist",
			);
			runOnlyForDeploymentPostprocessing = 0;
			shellPath = /bin/sh;
			shellScript = "\"${PODS_ROOT}/Target Support Files/Pods-Production/Pods-Production-frameworks.sh\"\n";
			showEnvVarsInLog = 0;
		};
		234F1A21304017720C2D7BBE /* [CP] Check Pods Manifest.lock */ = {
			isa = PBXShellScriptBuildPhase;
			buildActionMask = 2147483647;
			files = (
			);
			inputFileListPaths = (
			);
			inputPaths = (
				"${PODS_PODFILE_DIR_PATH}/Podfile.lock",
				"${PODS_ROOT}/Manifest.lock",
			);
			name = "[CP] Check Pods Manifest.lock";
			outputFileListPaths = (
			);
			outputPaths = (
				"$(DERIVED_FILE_DIR)/Pods-OneSignalNotificationServiceExtension-checkManifestLockResult.txt",
			);
			runOnlyForDeploymentPostprocessing = 0;
			shellPath = /bin/sh;
			shellScript = "diff \"${PODS_PODFILE_DIR_PATH}/Podfile.lock\" \"${PODS_ROOT}/Manifest.lock\" > /dev/null\nif [ $? != 0 ] ; then\n    # print error to STDERR\n    echo \"error: The sandbox is not in sync with the Podfile.lock. Run 'pod install' or update your CocoaPods installation.\" >&2\n    exit 1\nfi\n# This output is used by Xcode 'outputs' to avoid re-running this script phase.\necho \"SUCCESS\" > \"${SCRIPT_OUTPUT_FILE_0}\"\n";
			showEnvVarsInLog = 0;
		};
		4D5CD0E81FC8AE35D8BCC402 /* [CP] Embed Pods Frameworks */ = {
			isa = PBXShellScriptBuildPhase;
			buildActionMask = 2147483647;
			files = (
			);
			inputFileListPaths = (
				"${PODS_ROOT}/Target Support Files/Pods-Development/Pods-Development-frameworks-${CONFIGURATION}-input-files.xcfilelist",
			);
			name = "[CP] Embed Pods Frameworks";
			outputFileListPaths = (
				"${PODS_ROOT}/Target Support Files/Pods-Development/Pods-Development-frameworks-${CONFIGURATION}-output-files.xcfilelist",
			);
			runOnlyForDeploymentPostprocessing = 0;
			shellPath = /bin/sh;
			shellScript = "\"${PODS_ROOT}/Target Support Files/Pods-Development/Pods-Development-frameworks.sh\"\n";
			showEnvVarsInLog = 0;
		};
		F96EFDD39BAEE78B635A63DA /* [CP] Check Pods Manifest.lock */ = {
			isa = PBXShellScriptBuildPhase;
			buildActionMask = 2147483647;
			files = (
			);
			inputFileListPaths = (
			);
			inputPaths = (
				"${PODS_PODFILE_DIR_PATH}/Podfile.lock",
				"${PODS_ROOT}/Manifest.lock",
			);
			name = "[CP] Check Pods Manifest.lock";
			outputFileListPaths = (
			);
			outputPaths = (
				"$(DERIVED_FILE_DIR)/Pods-Development-checkManifestLockResult.txt",
			);
			runOnlyForDeploymentPostprocessing = 0;
			shellPath = /bin/sh;
			shellScript = "diff \"${PODS_PODFILE_DIR_PATH}/Podfile.lock\" \"${PODS_ROOT}/Manifest.lock\" > /dev/null\nif [ $? != 0 ] ; then\n    # print error to STDERR\n    echo \"error: The sandbox is not in sync with the Podfile.lock. Run 'pod install' or update your CocoaPods installation.\" >&2\n    exit 1\nfi\n# This output is used by Xcode 'outputs' to avoid re-running this script phase.\necho \"SUCCESS\" > \"${SCRIPT_OUTPUT_FILE_0}\"\n";
			showEnvVarsInLog = 0;
		};
/* End PBXShellScriptBuildPhase section */

/* Begin PBXSourcesBuildPhase section */
		BAD00A0E2401E3E20064D322 /* Sources */ = {
			isa = PBXSourcesBuildPhase;
			buildActionMask = 2147483647;
			files = (
				BAD00A162401E3E20064D322 /* AppDelegate.swift in Sources */,
				BAD00A182401E3E20064D322 /* SceneDelegate.swift in Sources */,
				BAD00A1A2401E3E20064D322 /* ContentView.swift in Sources */,
			);
			runOnlyForDeploymentPostprocessing = 0;
		};
		BAD00A662401EE020064D322 /* Sources */ = {
			isa = PBXSourcesBuildPhase;
			buildActionMask = 2147483647;
			files = (
				BAD00A672401EE020064D322 /* AppDelegate.swift in Sources */,
				BAD00A682401EE020064D322 /* SceneDelegate.swift in Sources */,
				BAD00A692401EE020064D322 /* ContentView.swift in Sources */,
			);
			runOnlyForDeploymentPostprocessing = 0;
		};
		BAFC94312401FFDF00B5ACB7 /* Sources */ = {
			isa = PBXSourcesBuildPhase;
			buildActionMask = 2147483647;
			files = (
				BAFC94382401FFDF00B5ACB7 /* NotificationService.swift in Sources */,
			);
			runOnlyForDeploymentPostprocessing = 0;
		};
/* End PBXSourcesBuildPhase section */

/* Begin PBXTargetDependency section */
		BAFC943B2401FFDF00B5ACB7 /* PBXTargetDependency */ = {
			isa = PBXTargetDependency;
			target = BAFC94342401FFDF00B5ACB7 /* OneSignalNotificationServiceExtension */;
			targetProxy = BAFC943A2401FFDF00B5ACB7 /* PBXContainerItemProxy */;
		};
/* End PBXTargetDependency section */

/* Begin PBXVariantGroup section */
		BAD00A202401E3E40064D322 /* LaunchScreen.storyboard */ = {
			isa = PBXVariantGroup;
			children = (
				BAD00A212401E3E40064D322 /* Base */,
			);
			name = LaunchScreen.storyboard;
			sourceTree = "<group>";
		};
/* End PBXVariantGroup section */

/* Begin XCBuildConfiguration section */
		BAD00A242401E3E40064D322 /* Debug */ = {
			isa = XCBuildConfiguration;
			buildSettings = {
				ALWAYS_SEARCH_USER_PATHS = NO;
				CLANG_ANALYZER_NONNULL = YES;
				CLANG_ANALYZER_NUMBER_OBJECT_CONVERSION = YES_AGGRESSIVE;
				CLANG_CXX_LANGUAGE_STANDARD = "gnu++14";
				CLANG_CXX_LIBRARY = "libc++";
				CLANG_ENABLE_MODULES = YES;
				CLANG_ENABLE_OBJC_ARC = YES;
				CLANG_ENABLE_OBJC_WEAK = YES;
				CLANG_WARN_BLOCK_CAPTURE_AUTORELEASING = YES;
				CLANG_WARN_BOOL_CONVERSION = YES;
				CLANG_WARN_COMMA = YES;
				CLANG_WARN_CONSTANT_CONVERSION = YES;
				CLANG_WARN_DEPRECATED_OBJC_IMPLEMENTATIONS = YES;
				CLANG_WARN_DIRECT_OBJC_ISA_USAGE = YES_ERROR;
				CLANG_WARN_DOCUMENTATION_COMMENTS = YES;
				CLANG_WARN_EMPTY_BODY = YES;
				CLANG_WARN_ENUM_CONVERSION = YES;
				CLANG_WARN_INFINITE_RECURSION = YES;
				CLANG_WARN_INT_CONVERSION = YES;
				CLANG_WARN_NON_LITERAL_NULL_CONVERSION = YES;
				CLANG_WARN_OBJC_IMPLICIT_RETAIN_SELF = YES;
				CLANG_WARN_OBJC_LITERAL_CONVERSION = YES;
				CLANG_WARN_OBJC_ROOT_CLASS = YES_ERROR;
				CLANG_WARN_RANGE_LOOP_ANALYSIS = YES;
				CLANG_WARN_STRICT_PROTOTYPES = YES;
				CLANG_WARN_SUSPICIOUS_MOVE = YES;
				CLANG_WARN_UNGUARDED_AVAILABILITY = YES_AGGRESSIVE;
				CLANG_WARN_UNREACHABLE_CODE = YES;
				CLANG_WARN__DUPLICATE_METHOD_MATCH = YES;
				COPY_PHASE_STRIP = NO;
				DEBUG_INFORMATION_FORMAT = dwarf;
				ENABLE_STRICT_OBJC_MSGSEND = YES;
				ENABLE_TESTABILITY = YES;
				GCC_C_LANGUAGE_STANDARD = gnu11;
				GCC_DYNAMIC_NO_PIC = NO;
				GCC_NO_COMMON_BLOCKS = YES;
				GCC_OPTIMIZATION_LEVEL = 0;
				GCC_PREPROCESSOR_DEFINITIONS = (
					"DEBUG=1",
					"$(inherited)",
				);
				GCC_WARN_64_TO_32_BIT_CONVERSION = YES;
				GCC_WARN_ABOUT_RETURN_TYPE = YES_ERROR;
				GCC_WARN_UNDECLARED_SELECTOR = YES;
				GCC_WARN_UNINITIALIZED_AUTOS = YES_AGGRESSIVE;
				GCC_WARN_UNUSED_FUNCTION = YES;
				GCC_WARN_UNUSED_VARIABLE = YES;
				IPHONEOS_DEPLOYMENT_TARGET = 13.2;
				MTL_ENABLE_DEBUG_INFO = INCLUDE_SOURCE;
				MTL_FAST_MATH = YES;
				ONLY_ACTIVE_ARCH = YES;
				SDKROOT = iphoneos;
				SWIFT_ACTIVE_COMPILATION_CONDITIONS = DEBUG;
				SWIFT_OPTIMIZATION_LEVEL = "-Onone";
			};
			name = Debug;
		};
		BAD00A252401E3E40064D322 /* Release */ = {
			isa = XCBuildConfiguration;
			buildSettings = {
				ALWAYS_SEARCH_USER_PATHS = NO;
				CLANG_ANALYZER_NONNULL = YES;
				CLANG_ANALYZER_NUMBER_OBJECT_CONVERSION = YES_AGGRESSIVE;
				CLANG_CXX_LANGUAGE_STANDARD = "gnu++14";
				CLANG_CXX_LIBRARY = "libc++";
				CLANG_ENABLE_MODULES = YES;
				CLANG_ENABLE_OBJC_ARC = YES;
				CLANG_ENABLE_OBJC_WEAK = YES;
				CLANG_WARN_BLOCK_CAPTURE_AUTORELEASING = YES;
				CLANG_WARN_BOOL_CONVERSION = YES;
				CLANG_WARN_COMMA = YES;
				CLANG_WARN_CONSTANT_CONVERSION = YES;
				CLANG_WARN_DEPRECATED_OBJC_IMPLEMENTATIONS = YES;
				CLANG_WARN_DIRECT_OBJC_ISA_USAGE = YES_ERROR;
				CLANG_WARN_DOCUMENTATION_COMMENTS = YES;
				CLANG_WARN_EMPTY_BODY = YES;
				CLANG_WARN_ENUM_CONVERSION = YES;
				CLANG_WARN_INFINITE_RECURSION = YES;
				CLANG_WARN_INT_CONVERSION = YES;
				CLANG_WARN_NON_LITERAL_NULL_CONVERSION = YES;
				CLANG_WARN_OBJC_IMPLICIT_RETAIN_SELF = YES;
				CLANG_WARN_OBJC_LITERAL_CONVERSION = YES;
				CLANG_WARN_OBJC_ROOT_CLASS = YES_ERROR;
				CLANG_WARN_RANGE_LOOP_ANALYSIS = YES;
				CLANG_WARN_STRICT_PROTOTYPES = YES;
				CLANG_WARN_SUSPICIOUS_MOVE = YES;
				CLANG_WARN_UNGUARDED_AVAILABILITY = YES_AGGRESSIVE;
				CLANG_WARN_UNREACHABLE_CODE = YES;
				CLANG_WARN__DUPLICATE_METHOD_MATCH = YES;
				COPY_PHASE_STRIP = NO;
				DEBUG_INFORMATION_FORMAT = "dwarf-with-dsym";
				ENABLE_NS_ASSERTIONS = NO;
				ENABLE_STRICT_OBJC_MSGSEND = YES;
				GCC_C_LANGUAGE_STANDARD = gnu11;
				GCC_NO_COMMON_BLOCKS = YES;
				GCC_WARN_64_TO_32_BIT_CONVERSION = YES;
				GCC_WARN_ABOUT_RETURN_TYPE = YES_ERROR;
				GCC_WARN_UNDECLARED_SELECTOR = YES;
				GCC_WARN_UNINITIALIZED_AUTOS = YES_AGGRESSIVE;
				GCC_WARN_UNUSED_FUNCTION = YES;
				GCC_WARN_UNUSED_VARIABLE = YES;
				IPHONEOS_DEPLOYMENT_TARGET = 13.2;
				MTL_ENABLE_DEBUG_INFO = NO;
				MTL_FAST_MATH = YES;
				SDKROOT = iphoneos;
				SWIFT_COMPILATION_MODE = wholemodule;
				SWIFT_OPTIMIZATION_LEVEL = "-O";
				VALIDATE_PRODUCT = YES;
			};
			name = Release;
		};
		BAD00A272401E3E40064D322 /* Debug */ = {
			isa = XCBuildConfiguration;
			baseConfigurationReference = BF65072E7C3EC2874CF975B3 /* Pods-Production.debug.xcconfig */;
			buildSettings = {
				ALWAYS_EMBED_SWIFT_STANDARD_LIBRARIES = YES;
				ASSETCATALOG_COMPILER_APPICON_NAME = AppIcon;
				CODE_SIGN_ENTITLEMENTS = StocketiOS/Stocket.entitlements;
				CODE_SIGN_IDENTITY = "Apple Development";
				CODE_SIGN_STYLE = Automatic;
				DEVELOPMENT_ASSET_PATHS = "\"StocketiOS/Preview Content\"";
				DEVELOPMENT_TEAM = M52W2L8ZQV;
				ENABLE_PREVIEWS = YES;
				INFOPLIST_FILE = StocketiOS/Info.plist;
				LD_RUNPATH_SEARCH_PATHS = (
					"$(inherited)",
					"@executable_path/Frameworks",
				);
				PRODUCT_BUNDLE_IDENTIFIER = com.corasan.StocketiOS;
				PRODUCT_NAME = Stocket;
				PROVISIONING_PROFILE_SPECIFIER = "";
				SWIFT_VERSION = 5.0;
				TARGETED_DEVICE_FAMILY = "1,2";
			};
			name = Debug;
		};
		BAD00A282401E3E40064D322 /* Release */ = {
			isa = XCBuildConfiguration;
			baseConfigurationReference = 52E72783F633A4D1F982D062 /* Pods-Production.release.xcconfig */;
			buildSettings = {
				ALWAYS_EMBED_SWIFT_STANDARD_LIBRARIES = YES;
				ASSETCATALOG_COMPILER_APPICON_NAME = AppIcon;
				CODE_SIGN_ENTITLEMENTS = StocketiOS/Stocket.entitlements;
				CODE_SIGN_IDENTITY = "Apple Development";
				CODE_SIGN_STYLE = Automatic;
				DEVELOPMENT_ASSET_PATHS = "\"StocketiOS/Preview Content\"";
				DEVELOPMENT_TEAM = M52W2L8ZQV;
				ENABLE_PREVIEWS = YES;
				INFOPLIST_FILE = StocketiOS/Info.plist;
				LD_RUNPATH_SEARCH_PATHS = (
					"$(inherited)",
					"@executable_path/Frameworks",
				);
				PRODUCT_BUNDLE_IDENTIFIER = com.corasan.StocketiOS;
				PRODUCT_NAME = Stocket;
				PROVISIONING_PROFILE_SPECIFIER = "";
				SWIFT_VERSION = 5.0;
				TARGETED_DEVICE_FAMILY = "1,2";
			};
			name = Release;
		};
		BAD00A722401EE020064D322 /* Debug */ = {
			isa = XCBuildConfiguration;
			baseConfigurationReference = 13F7F420B92124F9247A7C31 /* Pods-Development.debug.xcconfig */;
			buildSettings = {
				ASSETCATALOG_COMPILER_APPICON_NAME = AppIcon;
				CODE_SIGN_ENTITLEMENTS = StocketiOS/Stocket.entitlements;
				CODE_SIGN_IDENTITY = "Apple Development";
				CODE_SIGN_STYLE = Automatic;
				DEVELOPMENT_ASSET_PATHS = "\"StocketiOS/Preview Content\"";
				DEVELOPMENT_TEAM = M52W2L8ZQV;
				ENABLE_PREVIEWS = YES;
				INFOPLIST_FILE = StocketiOS/Info.plist;
				LD_RUNPATH_SEARCH_PATHS = (
					"$(inherited)",
					"@executable_path/Frameworks",
				);
				PRODUCT_BUNDLE_IDENTIFIER = com.corasan.StocketiOS.Dev;
				PRODUCT_NAME = "StocketiOS Dev";
				PROVISIONING_PROFILE_SPECIFIER = "";
				SWIFT_VERSION = 5.0;
				TARGETED_DEVICE_FAMILY = "1,2";
			};
			name = Debug;
		};
		BAD00A732401EE020064D322 /* Release */ = {
			isa = XCBuildConfiguration;
			baseConfigurationReference = 09822502B8AC3692F8D4ED80 /* Pods-Development.release.xcconfig */;
			buildSettings = {
				ASSETCATALOG_COMPILER_APPICON_NAME = AppIcon;
				CODE_SIGN_ENTITLEMENTS = StocketiOS/Stocket.entitlements;
				CODE_SIGN_IDENTITY = "Apple Development";
				CODE_SIGN_STYLE = Automatic;
				DEVELOPMENT_ASSET_PATHS = "\"StocketiOS/Preview Content\"";
				DEVELOPMENT_TEAM = M52W2L8ZQV;
				ENABLE_PREVIEWS = YES;
				INFOPLIST_FILE = StocketiOS/Info.plist;
				LD_RUNPATH_SEARCH_PATHS = (
					"$(inherited)",
					"@executable_path/Frameworks",
				);
				PRODUCT_BUNDLE_IDENTIFIER = com.corasan.StocketiOS.Dev;
				PRODUCT_NAME = "StocketiOS Dev";
				PROVISIONING_PROFILE_SPECIFIER = "";
				SWIFT_VERSION = 5.0;
				TARGETED_DEVICE_FAMILY = "1,2";
			};
			name = Release;
		};
		BAFC943E2401FFDF00B5ACB7 /* Debug */ = {
			isa = XCBuildConfiguration;
			baseConfigurationReference = 304FFD6290CA7CC20B77AF98 /* Pods-OneSignalNotificationServiceExtension.debug.xcconfig */;
			buildSettings = {
				CODE_SIGN_IDENTITY = "Apple Development";
				CODE_SIGN_STYLE = Automatic;
				DEVELOPMENT_TEAM = M52W2L8ZQV;
				INFOPLIST_FILE = OneSignalNotificationServiceExtension/Info.plist;
				LD_RUNPATH_SEARCH_PATHS = (
					"$(inherited)",
					"@executable_path/Frameworks",
					"@executable_path/../../Frameworks",
				);
				PRODUCT_BUNDLE_IDENTIFIER = com.corasan.StocketiOS.OneSignalNotificationServiceExtension;
				PRODUCT_NAME = "$(TARGET_NAME)";
				PROVISIONING_PROFILE_SPECIFIER = "";
				SKIP_INSTALL = YES;
				SWIFT_VERSION = 5.0;
				TARGETED_DEVICE_FAMILY = "1,2";
			};
			name = Debug;
		};
		BAFC943F2401FFDF00B5ACB7 /* Release */ = {
			isa = XCBuildConfiguration;
			baseConfigurationReference = 94FB3E6D364E2BF07C512A72 /* Pods-OneSignalNotificationServiceExtension.release.xcconfig */;
			buildSettings = {
				CODE_SIGN_IDENTITY = "Apple Development";
				CODE_SIGN_STYLE = Automatic;
				DEVELOPMENT_TEAM = M52W2L8ZQV;
				INFOPLIST_FILE = OneSignalNotificationServiceExtension/Info.plist;
				LD_RUNPATH_SEARCH_PATHS = (
					"$(inherited)",
					"@executable_path/Frameworks",
					"@executable_path/../../Frameworks",
				);
				PRODUCT_BUNDLE_IDENTIFIER = com.corasan.StocketiOS.OneSignalNotificationServiceExtension;
				PRODUCT_NAME = "$(TARGET_NAME)";
				PROVISIONING_PROFILE_SPECIFIER = "";
				SKIP_INSTALL = YES;
				SWIFT_VERSION = 5.0;
				TARGETED_DEVICE_FAMILY = "1,2";
			};
			name = Release;
		};
/* End XCBuildConfiguration section */

/* Begin XCConfigurationList section */
		BAD00A0D2401E3E20064D322 /* Build configuration list for PBXProject "StocketiOS" */ = {
			isa = XCConfigurationList;
			buildConfigurations = (
				BAD00A242401E3E40064D322 /* Debug */,
				BAD00A252401E3E40064D322 /* Release */,
			);
			defaultConfigurationIsVisible = 0;
			defaultConfigurationName = Release;
		};
		BAD00A262401E3E40064D322 /* Build configuration list for PBXNativeTarget "Production" */ = {
			isa = XCConfigurationList;
			buildConfigurations = (
				BAD00A272401E3E40064D322 /* Debug */,
				BAD00A282401E3E40064D322 /* Release */,
			);
			defaultConfigurationIsVisible = 0;
			defaultConfigurationName = Release;
		};
		BAD00A712401EE020064D322 /* Build configuration list for PBXNativeTarget "Development" */ = {
			isa = XCConfigurationList;
			buildConfigurations = (
				BAD00A722401EE020064D322 /* Debug */,
				BAD00A732401EE020064D322 /* Release */,
			);
			defaultConfigurationIsVisible = 0;
			defaultConfigurationName = Release;
		};
		BAFC943D2401FFDF00B5ACB7 /* Build configuration list for PBXNativeTarget "OneSignalNotificationServiceExtension" */ = {
			isa = XCConfigurationList;
			buildConfigurations = (
				BAFC943E2401FFDF00B5ACB7 /* Debug */,
				BAFC943F2401FFDF00B5ACB7 /* Release */,
			);
			defaultConfigurationIsVisible = 0;
			defaultConfigurationName = Release;
		};
/* End XCConfigurationList section */
	};
	rootObject = BAD00A0A2401E3E20064D322 /* Project object */;
}
